
Microsoft Visual Studio Solution File, Format Version 12.00
Project("{FAE04EC0-301F-11D3-BF4B-00C04F79EFBC}") = "TechPro", "TechPro\TechPro.csproj", "{8692D0EE-A215-4936-B3B6-A23C23D185C8}"
EndProject
Global
	GlobalSection(SolutionConfigurationPlatforms) = preSolution
		Debug|Any CPU = Debug|Any CPU
		Release|Any CPU = Release|Any CPU
	EndGlobalSection
	GlobalSection(ProjectConfigurationPlatforms) = postSolution
		{8692D0EE-A215-4936-B3B6-A23C23D185C8}.Debug|Any CPU.ActiveCfg = Debug|Any CPU
		{8692D0EE-A215-4936-B3B6-A23C23D185C8}.Debug|Any CPU.Build.0 = Debug|Any CPU
		{8692D0EE-A215-4936-B3B6-A23C23D185C8}.Release|Any CPU.ActiveCfg = Release|Any CPU
		{8692D0EE-A215-4936-B3B6-A23C23D185C8}.Release|Any CPU.Build.0 = Release|Any CPU
	EndGlobalSection
EndGlobal
